
Microsoft Visual Studio Solution File, Format Version 12.00
# Visual Studio 15
VisualStudioVersion = 15.0.28010.2050
MinimumVisualStudioVersion = 10.0.40219.1
Project("{8BC9CEB8-8B4A-11D0-8D11-00A0C91BC942}") = "Roy", "Roy\Roy.vcxproj", "{F5508403-A245-47DF-B8B7-2246EC21A871}"
EndProject
Global
	GlobalSection(SolutionConfigurationPlatforms) = preSolution
		Debug|x64 = Debug|x64
		Debug|x86 = Debug|x86
		Release|x64 = Release|x64
		Release|x86 = Release|x86
	EndGlobalSection
	GlobalSection(ProjectConfigurationPlatforms) = postSolution
		{F5508403-A245-47DF-B8B7-2246EC21A871}.Debug|x64.ActiveCfg = Debug|x64
		{F5508403-A245-47DF-B8B7-2246EC21A871}.Debug|x64.Build.0 = Debug|x64
		{F5508403-A245-47DF-B8B7-2246EC21A871}.Debug|x86.ActiveCfg = Debug|Win32
		{F5508403-A245-47DF-B8B7-2246EC21A871}.Debug|x86.Build.0 = Debug|Win32
		{F5508403-A245-47DF-B8B7-2246EC21A871}.Release|x64.ActiveCfg = Release|x64
		{F5508403-A245-47DF-B8B7-2246EC21A871}.Release|x64.Build.0 = Release|x64
		{F5508403-A245-47DF-B8B7-2246EC21A871}.Release|x86.ActiveCfg = Release|Win32
		{F5508403-A245-47DF-B8B7-2246EC21A871}.Release|x86.Build.0 = Release|Win32
	EndGlobalSection
	GlobalSection(SolutionProperties) = preSolution
		HideSolutionNode = FALSE
	EndGlobalSection
	GlobalSection(ExtensibilityGlobals) = postSolution
		SolutionGuid = {43A76E57-2D29-403C-81C9-D3692C66D37E}
	EndGlobalSection
EndGlobal
